
Microsoft Visual Studio Solution File, Format Version 12.00
# Visual Studio Version 16
VisualStudioVersion = 16.0.31515.178
MinimumVisualStudioVersion = 10.0.40219.1
Project("{FAE04EC0-301F-11D3-BF4B-00C04F79EFBC}") = "BeeliveryLiteGit.UWP", "BeeliveryLiteGit\BeeliveryLiteGit.UWP\BeeliveryLiteGit.UWP.csproj", "{331BE59C-F103-431A-8BA3-9A7047DCFA72}"
EndProject
Project("{FAE04EC0-301F-11D3-BF4B-00C04F79EFBC}") = "BeeliveryLiteGit.Android", "BeeliveryLiteGit\BeeliveryLiteGit.Android\BeeliveryLiteGit.Android.csproj", "{20849D90-DCCB-4AE7-8237-D3455CCA180F}"
EndProject
Project("{FAE04EC0-301F-11D3-BF4B-00C04F79EFBC}") = "BeeliveryLiteGit.iOS", "BeeliveryLiteGit\BeeliveryLiteGit.iOS\BeeliveryLiteGit.iOS.csproj", "{E0FAF2D3-5DC6-4AC3-9C7B-11E7534854FA}"
EndProject
Project("{FAE04EC0-301F-11D3-BF4B-00C04F79EFBC}") = "BeeliveryLiteGit", "BeeliveryLiteGit\BeeliveryLiteGit\BeeliveryLiteGit.csproj", "{A4EEFAD4-8AFA-47E2-AF2E-D6180003F9BE}"
EndProject
Global
	GlobalSection(SolutionConfigurationPlatforms) = preSolution
		Debug|Any CPU = Debug|Any CPU
		Debug|ARM = Debug|ARM
		Debug|iPhone = Debug|iPhone
		Debug|iPhoneSimulator = Debug|iPhoneSimulator
		Debug|x64 = Debug|x64
		Debug|x86 = Debug|x86
		Release|Any CPU = Release|Any CPU
		Release|ARM = Release|ARM
		Release|iPhone = Release|iPhone
		Release|iPhoneSimulator = Release|iPhoneSimulator
		Release|x64 = Release|x64
		Release|x86 = Release|x86
	EndGlobalSection
	GlobalSection(ProjectConfigurationPlatforms) = postSolution
		{331BE59C-F103-431A-8BA3-9A7047DCFA72}.Debug|Any CPU.ActiveCfg = Debug|x86
		{331BE59C-F103-431A-8BA3-9A7047DCFA72}.Debug|Any CPU.Build.0 = Debug|x86
		{331BE59C-F103-431A-8BA3-9A7047DCFA72}.Debug|Any CPU.Deploy.0 = Debug|x86
		{331BE59C-F103-431A-8BA3-9A7047DCFA72}.Debug|ARM.ActiveCfg = Debug|ARM
		{331BE59C-F103-431A-8BA3-9A7047DCFA72}.Debug|ARM.Build.0 = Debug|ARM
		{331BE59C-F103-431A-8BA3-9A7047DCFA72}.Debug|ARM.Deploy.0 = Debug|ARM
		{331BE59C-F103-431A-8BA3-9A7047DCFA72}.Debug|iPhone.ActiveCfg = Debug|x86
		{331BE59C-F103-431A-8BA3-9A7047DCFA72}.Debug|iPhone.Build.0 = Debug|x86
		{331BE59C-F103-431A-8BA3-9A7047DCFA72}.Debug|iPhone.Deploy.0 = Debug|x86
		{331BE59C-F103-431A-8BA3-9A7047DCFA72}.Debug|iPhoneSimulator.ActiveCfg = Debug|x86
		{331BE59C-F103-431A-8BA3-9A7047DCFA72}.Debug|iPhoneSimulator.Build.0 = Debug|x86
		{331BE59C-F103-431A-8BA3-9A7047DCFA72}.Debug|iPhoneSimulator.Deploy.0 = Debug|x86
		{331BE59C-F103-431A-8BA3-9A7047DCFA72}.Debug|x64.ActiveCfg = Debug|x64
		{331BE59C-F103-431A-8BA3-9A7047DCFA72}.Debug|x64.Build.0 = Debug|x64
		{331BE59C-F103-431A-8BA3-9A7047DCFA72}.Debug|x64.Deploy.0 = Debug|x64
		{331BE59C-F103-431A-8BA3-9A7047DCFA72}.Debug|x86.ActiveCfg = Debug|x86
		{331BE59C-F103-431A-8BA3-9A7047DCFA72}.Debug|x86.Build.0 = Debug|x86
		{331BE59C-F103-431A-8BA3-9A7047DCFA72}.Debug|x86.Deploy.0 = Debug|x86
		{331BE59C-F103-431A-8BA3-9A7047DCFA72}.Release|Any CPU.ActiveCfg = Release|x86
		{331BE59C-F103-431A-8BA3-9A7047DCFA72}.Release|Any CPU.Build.0 = Release|x86
		{331BE59C-F103-431A-8BA3-9A7047DCFA72}.Release|Any CPU.Deploy.0 = Release|x86
		{331BE59C-F103-431A-8BA3-9A7047DCFA72}.Release|ARM.ActiveCfg = Release|ARM
		{331BE59C-F103-431A-8BA3-9A7047DCFA72}.Release|ARM.Build.0 = Release|ARM
		{331BE59C-F103-431A-8BA3-9A7047DCFA72}.Release|ARM.Deploy.0 = Release|ARM
		{331BE59C-F103-431A-8BA3-9A7047DCFA72}.Release|iPhone.ActiveCfg = Release|x86
		{331BE59C-F103-431A-8BA3-9A7047DCFA72}.Release|iPhone.Build.0 = Release|x86
		{331BE59C-F103-431A-8BA3-9A7047DCFA72}.Release|iPhone.Deploy.0 = Release|x86
		{331BE59C-F103-431A-8BA3-9A7047DCFA72}.Release|iPhoneSimulator.ActiveCfg = Release|x86
		{331BE59C-F103-431A-8BA3-9A7047DCFA72}.Release|iPhoneSimulator.Build.0 = Release|x86
		{331BE59C-F103-431A-8BA3-9A7047DCFA72}.Release|iPhoneSimulator.Deploy.0 = Release|x86
		{331BE59C-F103-431A-8BA3-9A7047DCFA72}.Release|x64.ActiveCfg = Release|x64
		{331BE59C-F103-431A-8BA3-9A7047DCFA72}.Release|x64.Build.0 = Release|x64
		{331BE59C-F103-431A-8BA3-9A7047DCFA72}.Release|x64.Deploy.0 = Release|x64
		{331BE59C-F103-431A-8BA3-9A7047DCFA72}.Release|x86.ActiveCfg = Release|x86
		{331BE59C-F103-431A-8BA3-9A7047DCFA72}.Release|x86.Build.0 = Release|x86
		{331BE59C-F103-431A-8BA3-9A7047DCFA72}.Release|x86.Deploy.0 = Release|x86
		{20849D90-DCCB-4AE7-8237-D3455CCA180F}.Debug|Any CPU.ActiveCfg = Debug|Any CPU
		{20849D90-DCCB-4AE7-8237-D3455CCA180F}.Debug|Any CPU.Build.0 = Debug|Any CPU
		{20849D90-DCCB-4AE7-8237-D3455CCA180F}.Debug|Any CPU.Deploy.0 = Debug|Any CPU
		{20849D90-DCCB-4AE7-8237-D3455CCA180F}.Debug|ARM.ActiveCfg = Debug|Any CPU
		{20849D90-DCCB-4AE7-8237-D3455CCA180F}.Debug|ARM.Build.0 = Debug|Any CPU
		{20849D90-DCCB-4AE7-8237-D3455CCA180F}.Debug|ARM.Deploy.0 = Debug|Any CPU
		{20849D90-DCCB-4AE7-8237-D3455CCA180F}.Debug|iPhone.ActiveCfg = Debug|Any CPU
		{20849D90-DCCB-4AE7-8237-D3455CCA180F}.Debug|iPhone.Build.0 = Debug|Any CPU
		{20849D90-DCCB-4AE7-8237-D3455CCA180F}.Debug|iPhone.Deploy.0 = Debug|Any CPU
		{20849D90-DCCB-4AE7-8237-D3455CCA180F}.Debug|iPhoneSimulator.ActiveCfg = Debug|Any CPU
		{20849D90-DCCB-4AE7-8237-D3455CCA180F}.Debug|iPhoneSimulator.Build.0 = Debug|Any CPU
		{20849D90-DCCB-4AE7-8237-D3455CCA180F}.Debug|iPhoneSimulator.Deploy.0 = Debug|Any CPU
		{20849D90-DCCB-4AE7-8237-D3455CCA180F}.Debug|x64.ActiveCfg = Debug|Any CPU
		{20849D90-DCCB-4AE7-8237-D3455CCA180F}.Debug|x64.Build.0 = Debug|Any CPU
		{20849D90-DCCB-4AE7-8237-D3455CCA180F}.Debug|x64.Deploy.0 = Debug|Any CPU
		{20849D90-DCCB-4AE7-8237-D3455CCA180F}.Debug|x86.ActiveCfg = Debug|Any CPU
		{20849D90-DCCB-4AE7-8237-D3455CCA180F}.Debug|x86.Build.0 = Debug|Any CPU
		{20849D90-DCCB-4AE7-8237-D3455CCA180F}.Debug|x86.Deploy.0 = Debug|Any CPU
		{20849D90-DCCB-4AE7-8237-D3455CCA180F}.Release|Any CPU.ActiveCfg = Release|Any CPU
		{20849D90-DCCB-4AE7-8237-D3455CCA180F}.Release|Any CPU.Build.0 = Release|Any CPU
		{20849D90-DCCB-4AE7-8237-D3455CCA180F}.Release|Any CPU.Deploy.0 = Release|Any CPU
		{20849D90-DCCB-4AE7-8237-D3455CCA180F}.Release|ARM.ActiveCfg = Release|Any CPU
		{20849D90-DCCB-4AE7-8237-D3455CCA180F}.Release|ARM.Build.0 = Release|Any CPU
		{20849D90-DCCB-4AE7-8237-D3455CCA180F}.Release|ARM.Deploy.0 = Release|Any CPU
		{20849D90-DCCB-4AE7-8237-D3455CCA180F}.Release|iPhone.ActiveCfg = Release|Any CPU
		{20849D90-DCCB-4AE7-8237-D3455CCA180F}.Release|iPhone.Build.0 = Release|Any CPU
		{20849D90-DCCB-4AE7-8237-D3455CCA180F}.Release|iPhone.Deploy.0 = Release|Any CPU
		{20849D90-DCCB-4AE7-8237-D3455CCA180F}.Release|iPhoneSimulator.ActiveCfg = Release|Any CPU
		{20849D90-DCCB-4AE7-8237-D3455CCA180F}.Release|iPhoneSimulator.Build.0 = Release|Any CPU
		{20849D90-DCCB-4AE7-8237-D3455CCA180F}.Release|iPhoneSimulator.Deploy.0 = Release|Any CPU
		{20849D90-DCCB-4AE7-8237-D3455CCA180F}.Release|x64.ActiveCfg = Release|Any CPU
		{20849D90-DCCB-4AE7-8237-D3455CCA180F}.Release|x64.Build.0 = Release|Any CPU
		{20849D90-DCCB-4AE7-8237-D3455CCA180F}.Release|x64.Deploy.0 = Release|Any CPU
		{20849D90-DCCB-4AE7-8237-D3455CCA180F}.Release|x86.ActiveCfg = Release|Any CPU
		{20849D90-DCCB-4AE7-8237-D3455CCA180F}.Release|x86.Build.0 = Release|Any CPU
		{20849D90-DCCB-4AE7-8237-D3455CCA180F}.Release|x86.Deploy.0 = Release|Any CPU
		{E0FAF2D3-5DC6-4AC3-9C7B-11E7534854FA}.Debug|Any CPU.ActiveCfg = Debug|iPhoneSimulator
		{E0FAF2D3-5DC6-4AC3-9C7B-11E7534854FA}.Debug|Any CPU.Build.0 = Debug|iPhoneSimulator
		{E0FAF2D3-5DC6-4AC3-9C7B-11E7534854FA}.Debug|Any CPU.Deploy.0 = Debug|iPhoneSimulator
		{E0FAF2D3-5DC6-4AC3-9C7B-11E7534854FA}.Debug|ARM.ActiveCfg = Debug|iPhone
		{E0FAF2D3-5DC6-4AC3-9C7B-11E7534854FA}.Debug|ARM.Build.0 = Debug|iPhone
		{E0FAF2D3-5DC6-4AC3-9C7B-11E7534854FA}.Debug|ARM.Deploy.0 = Debug|iPhone
		{E0FAF2D3-5DC6-4AC3-9C7B-11E7534854FA}.Debug|iPhone.ActiveCfg = Debug|iPhone
		{E0FAF2D3-5DC6-4AC3-9C7B-11E7534854FA}.Debug|iPhone.Build.0 = Debug|iPhone
		{E0FAF2D3-5DC6-4AC3-9C7B-11E7534854FA}.Debug|iPhone.Deploy.0 = Debug|iPhone
		{E0FAF2D3-5DC6-4AC3-9C7B-11E7534854FA}.Debug|iPhoneSimulator.ActiveCfg = Debug|iPhoneSimulator
		{E0FAF2D3-5DC6-4AC3-9C7B-11E7534854FA}.Debug|iPhoneSimulator.Build.0 = Debug|iPhoneSimulator
		{E0FAF2D3-5DC6-4AC3-9C7B-11E7534854FA}.Debug|iPhoneSimulator.Deploy.0 = Debug|iPhoneSimulator
		{E0FAF2D3-5DC6-4AC3-9C7B-11E7534854FA}.Debug|x64.ActiveCfg = Debug|iPhoneSimulator
		{E0FAF2D3-5DC6-4AC3-9C7B-11E7534854FA}.Debug|x64.Build.0 = Debug|iPhoneSimulator
		{E0FAF2D3-5DC6-4AC3-9C7B-11E7534854FA}.Debug|x64.Deploy.0 = Debug|iPhoneSimulator
		{E0FAF2D3-5DC6-4AC3-9C7B-11E7534854FA}.Debug|x86.ActiveCfg = Debug|iPhoneSimulator
		{E0FAF2D3-5DC6-4AC3-9C7B-11E7534854FA}.Debug|x86.Build.0 = Debug|iPhoneSimulator
		{E0FAF2D3-5DC6-4AC3-9C7B-11E7534854FA}.Debug|x86.Deploy.0 = Debug|iPhoneSimulator
		{E0FAF2D3-5DC6-4AC3-9C7B-11E7534854FA}.Release|Any CPU.ActiveCfg = Release|iPhoneSimulator
		{E0FAF2D3-5DC6-4AC3-9C7B-11E7534854FA}.Release|Any CPU.Build.0 = Release|iPhoneSimulator
		{E0FAF2D3-5DC6-4AC3-9C7B-11E7534854FA}.Release|Any CPU.Deploy.0 = Release|iPhoneSimulator
		{E0FAF2D3-5DC6-4AC3-9C7B-11E7534854FA}.Release|ARM.ActiveCfg = Release|iPhoneSimulator
		{E0FAF2D3-5DC6-4AC3-9C7B-11E7534854FA}.Release|ARM.Build.0 = Release|iPhoneSimulator
		{E0FAF2D3-5DC6-4AC3-9C7B-11E7534854FA}.Release|ARM.Deploy.0 = Release|iPhoneSimulator
		{E0FAF2D3-5DC6-4AC3-9C7B-11E7534854FA}.Release|iPhone.ActiveCfg = Release|iPhone
		{E0FAF2D3-5DC6-4AC3-9C7B-11E7534854FA}.Release|iPhone.Build.0 = Release|iPhone
		{E0FAF2D3-5DC6-4AC3-9C7B-11E7534854FA}.Release|iPhone.Deploy.0 = Release|iPhone
		{E0FAF2D3-5DC6-4AC3-9C7B-11E7534854FA}.Release|iPhoneSimulator.ActiveCfg = Release|iPhoneSimulator
		{E0FAF2D3-5DC6-4AC3-9C7B-11E7534854FA}.Release|iPhoneSimulator.Build.0 = Release|iPhoneSimulator
		{E0FAF2D3-5DC6-4AC3-9C7B-11E7534854FA}.Release|iPhoneSimulator.Deploy.0 = Release|iPhoneSimulator
		{E0FAF2D3-5DC6-4AC3-9C7B-11E7534854FA}.Release|x64.ActiveCfg = Release|iPhoneSimulator
		{E0FAF2D3-5DC6-4AC3-9C7B-11E7534854FA}.Release|x64.Build.0 = Release|iPhoneSimulator
		{E0FAF2D3-5DC6-4AC3-9C7B-11E7534854FA}.Release|x64.Deploy.0 = Release|iPhoneSimulator
		{E0FAF2D3-5DC6-4AC3-9C7B-11E7534854FA}.Release|x86.ActiveCfg = Release|iPhoneSimulator
		{E0FAF2D3-5DC6-4AC3-9C7B-11E7534854FA}.Release|x86.Build.0 = Release|iPhoneSimulator
		{E0FAF2D3-5DC6-4AC3-9C7B-11E7534854FA}.Release|x86.Deploy.0 = Release|iPhoneSimulator
		{A4EEFAD4-8AFA-47E2-AF2E-D6180003F9BE}.Debug|Any CPU.ActiveCfg = Debug|Any CPU
		{A4EEFAD4-8AFA-47E2-AF2E-D6180003F9BE}.Debug|Any CPU.Build.0 = Debug|Any CPU
		{A4EEFAD4-8AFA-47E2-AF2E-D6180003F9BE}.Debug|Any CPU.Deploy.0 = Debug|Any CPU
		{A4EEFAD4-8AFA-47E2-AF2E-D6180003F9BE}.Debug|ARM.ActiveCfg = Debug|Any CPU
		{A4EEFAD4-8AFA-47E2-AF2E-D6180003F9BE}.Debug|ARM.Build.0 = Debug|Any CPU
		{A4EEFAD4-8AFA-47E2-AF2E-D6180003F9BE}.Debug|ARM.Deploy.0 = Debug|Any CPU
		{A4EEFAD4-8AFA-47E2-AF2E-D6180003F9BE}.Debug|iPhone.ActiveCfg = Debug|Any CPU
		{A4EEFAD4-8AFA-47E2-AF2E-D6180003F9BE}.Debug|iPhone.Build.0 = Debug|Any CPU
		{A4EEFAD4-8AFA-47E2-AF2E-D6180003F9BE}.Debug|iPhone.Deploy.0 = Debug|Any CPU
		{A4EEFAD4-8AFA-47E2-AF2E-D6180003F9BE}.Debug|iPhoneSimulator.ActiveCfg = Debug|Any CPU
		{A4EEFAD4-8AFA-47E2-AF2E-D6180003F9BE}.Debug|iPhoneSimulator.Build.0 = Debug|Any CPU
		{A4EEFAD4-8AFA-47E2-AF2E-D6180003F9BE}.Debug|iPhoneSimulator.Deploy.0 = Debug|Any CPU
		{A4EEFAD4-8AFA-47E2-AF2E-D6180003F9BE}.Debug|x64.ActiveCfg = Debug|Any CPU
		{A4EEFAD4-8AFA-47E2-AF2E-D6180003F9BE}.Debug|x64.Build.0 = Debug|Any CPU
		{A4EEFAD4-8AFA-47E2-AF2E-D6180003F9BE}.Debug|x64.Deploy.0 = Debug|Any CPU
		{A4EEFAD4-8AFA-47E2-AF2E-D6180003F9BE}.Debug|x86.ActiveCfg = Debug|Any CPU
		{A4EEFAD4-8AFA-47E2-AF2E-D6180003F9BE}.Debug|x86.Build.0 = Debug|Any CPU
		{A4EEFAD4-8AFA-47E2-AF2E-D6180003F9BE}.Debug|x86.Deploy.0 = Debug|Any CPU
		{A4EEFAD4-8AFA-47E2-AF2E-D6180003F9BE}.Release|Any CPU.ActiveCfg = Release|Any CPU
		{A4EEFAD4-8AFA-47E2-AF2E-D6180003F9BE}.Release|Any CPU.Build.0 = Release|Any CPU
		{A4EEFAD4-8AFA-47E2-AF2E-D6180003F9BE}.Release|Any CPU.Deploy.0 = Release|Any CPU
		{A4EEFAD4-8AFA-47E2-AF2E-D6180003F9BE}.Release|ARM.ActiveCfg = Release|Any CPU
		{A4EEFAD4-8AFA-47E2-AF2E-D6180003F9BE}.Release|ARM.Build.0 = Release|Any CPU
		{A4EEFAD4-8AFA-47E2-AF2E-D6180003F9BE}.Release|ARM.Deploy.0 = Release|Any CPU
		{A4EEFAD4-8AFA-47E2-AF2E-D6180003F9BE}.Release|iPhone.ActiveCfg = Release|Any CPU
		{A4EEFAD4-8AFA-47E2-AF2E-D6180003F9BE}.Release|iPhone.Build.0 = Release|Any CPU
		{A4EEFAD4-8AFA-47E2-AF2E-D6180003F9BE}.Release|iPhone.Deploy.0 = Release|Any CPU
		{A4EEFAD4-8AFA-47E2-AF2E-D6180003F9BE}.Release|iPhoneSimulator.ActiveCfg = Release|Any CPU
		{A4EEFAD4-8AFA-47E2-AF2E-D6180003F9BE}.Release|iPhoneSimulator.Build.0 = Release|Any CPU
		{A4EEFAD4-8AFA-47E2-AF2E-D6180003F9BE}.Release|iPhoneSimulator.Deploy.0 = Release|Any CPU
		{A4EEFAD4-8AFA-47E2-AF2E-D6180003F9BE}.Release|x64.ActiveCfg = Release|Any CPU
		{A4EEFAD4-8AFA-47E2-AF2E-D6180003F9BE}.Release|x64.Build.0 = Release|Any CPU
		{A4EEFAD4-8AFA-47E2-AF2E-D6180003F9BE}.Release|x64.Deploy.0 = Release|Any CPU
		{A4EEFAD4-8AFA-47E2-AF2E-D6180003F9BE}.Release|x86.ActiveCfg = Release|Any CPU
		{A4EEFAD4-8AFA-47E2-AF2E-D6180003F9BE}.Release|x86.Build.0 = Release|Any CPU
		{A4EEFAD4-8AFA-47E2-AF2E-D6180003F9BE}.Release|x86.Deploy.0 = Release|Any CPU
	EndGlobalSection
	GlobalSection(SolutionProperties) = preSolution
		HideSolutionNode = FALSE
	EndGlobalSection
	GlobalSection(ExtensibilityGlobals) = postSolution
		SolutionGuid = {92E3396A-01DF-4ED2-AEEA-21529CCBC8BB}
	EndGlobalSection
EndGlobal
